
Microsoft Visual Studio Solution File, Format Version 12.00
# Visual Studio Version 17
VisualStudioVersion = 17.5.33516.290
MinimumVisualStudioVersion = 10.0.40219.1
Project("{FAE04EC0-301F-11D3-BF4B-00C04F79EFBC}") = "Project", "Project.csproj", "{9DDE9F5D-26E6-4E34-AF16-6C23262D3F09}"
EndProject
Global
	GlobalSection(SolutionConfigurationPlatforms) = preSolution
		Debug|Any CPU = Debug|Any CPU
		Release|Any CPU = Release|Any CPU
	EndGlobalSection
	GlobalSection(ProjectConfigurationPlatforms) = postSolution
		{9DDE9F5D-26E6-4E34-AF16-6C23262D3F09}.Debug|Any CPU.ActiveCfg = Debug|Any CPU
		{9DDE9F5D-26E6-4E34-AF16-6C23262D3F09}.Debug|Any CPU.Build.0 = Debug|Any CPU
		{9DDE9F5D-26E6-4E34-AF16-6C23262D3F09}.Release|Any CPU.ActiveCfg = Release|Any CPU
		{9DDE9F5D-26E6-4E34-AF16-6C23262D3F09}.Release|Any CPU.Build.0 = Release|Any CPU
	EndGlobalSection
	GlobalSection(SolutionProperties) = preSolution
		HideSolutionNode = FALSE
	EndGlobalSection
	GlobalSection(ExtensibilityGlobals) = postSolution
		SolutionGuid = {DDEDE795-764F-41E7-BB19-AEA1BAE1F520}
	EndGlobalSection
EndGlobal
